{
    "_readme": [
        "This file locks the dependencies of your project to a known state",
        "Read more about it at https://getcomposer.org/doc/01-basic-usage.md#installing-dependencies",
        "This file is @generated automatically"
    ],
    "content-hash": "caf80a67f6aaa4064d428fa91292a0b8",
    "packages": [],
    "packages-dev": [
        {
            "name": "fidry/cpu-core-counter",
            "version": "1.3.0",
            "source": {
                "type": "git",
                "url": "https://github.com/theofidry/cpu-core-counter.git",
                "reference": "db9508f7b1474469d9d3c53b86f817e344732678"
            },
            "dist": {
                "type": "zip",
                "url": "https://api.github.com/repos/theofidry/cpu-core-counter/zipball/db9508f7b1474469d9d3c53b86f817e344732678",
                "reference": "db9508f7b1474469d9d3c53b86f817e344732678",
                "shasum": ""
            },
            "require": {
                "php": "^7.2 || ^8.0"
            },
            "require-dev": {
                "fidry/makefile": "^0.2.0",
                "fidry/php-cs-fixer-config": "^1.1.2",
                "phpstan/extension-installer": "^1.2.0",
                "phpstan/phpstan": "^2.0",
                "phpstan/phpstan-deprecation-rules": "^2.0.0",
                "phpstan/phpstan-phpunit": "^2.0",
                "phpstan/phpstan-strict-rules": "^2.0",
                "phpunit/phpunit": "^8.5.31 || ^9.5.26",
                "webmozarts/strict-phpunit": "^7.5"
            },
            "type": "library",
            "autoload": {
                "psr-4": {
                    "Fidry\\CpuCoreCounter\\": "src/"
                }
            },
            "notification-url": "https://packagist.org/downloads/",
            "license": [
                "MIT"
            ],
            "authors": [
                {
                    "name": "Théo FIDRY",
                    "email": "theo.fidry@gmail.com"
                }
            ],
            "description": "Tiny utility to get the number of CPU cores.",
            "keywords": [
                "CPU",
                "core"
            ],
            "support": {
                "issues": "https://github.com/theofidry/cpu-core-counter/issues",
                "source": "https://github.com/theofidry/cpu-core-counter/tree/1.3.0"
            },
            "funding": [
                {
                    "url": "https://github.com/theofidry",
                    "type": "github"
                }
            ],
            "time": "2025-08-14T07:29:31+00:00"
        },
        {
            "name": "jetbrains/phpstorm-stubs",
            "version": "v2025.3",
            "source": {
                "type": "git",
                "url": "https://github.com/JetBrains/phpstorm-stubs",
                "reference": "d1ee5e570343bd4276a3d5959e6e1c2530b006d0"
            },
            "dist": {
                "type": "zip",
                "url": "https://api.github.com/repos/JetBrains/phpstorm-stubs/zipball/d1ee5e570343bd4276a3d5959e6e1c2530b006d0",
                "reference": "d1ee5e570343bd4276a3d5959e6e1c2530b006d0",
                "shasum": ""
            },
            "require-dev": {
                "friendsofphp/php-cs-fixer": "^v3.86",
                "nikic/php-parser": "^v5.6",
                "phpdocumentor/reflection-docblock": "^5.6",
                "phpunit/phpunit": "^12.3"
            },
            "type": "library",
            "autoload": {
                "files": [
                    "PhpStormStubsMap.php"
                ]
            },
            "notification-url": "https://packagist.org/downloads/",
            "license": [
                "Apache-2.0"
            ],
            "description": "PHP runtime & extensions header files for PhpStorm",
            "homepage": "https://www.jetbrains.com/phpstorm",
            "keywords": [
                "autocomplete",
                "code",
                "inference",
                "inspection",
                "jetbrains",
                "phpstorm",
                "stubs",
                "type"
            ],
            "time": "2025-09-18T15:47:24+00:00"
        },
        {
            "name": "lucasbustamante/stubz",
            "version": "0.2",
            "source": {
                "type": "git",
                "url": "https://github.com/Luc45/stubz.git",
                "reference": "314193bbfde0368c06b39672ce46747710bdfa3a"
            },
            "dist": {
                "type": "zip",
                "url": "https://api.github.com/repos/Luc45/stubz/zipball/314193bbfde0368c06b39672ce46747710bdfa3a",
                "reference": "314193bbfde0368c06b39672ce46747710bdfa3a",
                "shasum": ""
            },
            "require": {
                "fidry/cpu-core-counter": "^1.2",
                "php": "^8.2",
                "roave/better-reflection": "^6.0",
                "symfony/finder": "^6.0"
            },
            "suggest": {
                "ext-pcntl": "For running in parallel.",
                "ext-posix": "For running in parallel."
            },
            "bin": [
                "bin/stubz"
            ],
            "type": "library",
            "autoload": {
                "psr-4": {
                    "Stubz\\": "src/"
                }
            },
            "notification-url": "https://packagist.org/downloads/",
            "license": [
                "MIT"
            ],
            "authors": [
                {
                    "name": "Lucas Bustamante",
                    "email": "lucasfbustamante@gmail.com"
                }
            ],
            "description": "A command-line PHP stub generator using BetterReflection.",
            "support": {
                "issues": "https://github.com/Luc45/stubz/issues",
                "source": "https://github.com/Luc45/stubz/tree/0.2"
            },
            "time": "2025-10-17T16:21:52+00:00"
        },
        {
            "name": "nikic/php-parser",
            "version": "v5.7.0",
            "source": {
                "type": "git",
                "url": "https://github.com/nikic/PHP-Parser.git",
                "reference": "dca41cd15c2ac9d055ad70dbfd011130757d1f82"
            },
            "dist": {
                "type": "zip",
                "url": "https://api.github.com/repos/nikic/PHP-Parser/zipball/dca41cd15c2ac9d055ad70dbfd011130757d1f82",
                "reference": "dca41cd15c2ac9d055ad70dbfd011130757d1f82",
                "shasum": ""
            },
            "require": {
                "ext-ctype": "*",
                "ext-json": "*",
                "ext-tokenizer": "*",
                "php": ">=7.4"
            },
            "require-dev": {
                "ircmaxell/php-yacc": "^0.0.7",
                "phpunit/phpunit": "^9.0"
            },
            "bin": [
                "bin/php-parse"
            ],
            "type": "library",
            "extra": {
                "branch-alias": {
                    "dev-master": "5.x-dev"
                }
            },
            "autoload": {
                "psr-4": {
                    "PhpParser\\": "lib/PhpParser"
                }
            },
            "notification-url": "https://packagist.org/downloads/",
            "license": [
                "BSD-3-Clause"
            ],
            "authors": [
                {
                    "name": "Nikita Popov"
                }
            ],
            "description": "A PHP parser written in PHP",
            "keywords": [
                "parser",
                "php"
            ],
            "support": {
                "issues": "https://github.com/nikic/PHP-Parser/issues",
                "source": "https://github.com/nikic/PHP-Parser/tree/v5.7.0"
            },
            "time": "2025-12-06T11:56:16+00:00"
        },
        {
            "name": "phpstan/phpstan",
            "version": "2.1.46",
            "dist": {
                "type": "zip",
                "url": "https://api.github.com/repos/phpstan/phpstan/zipball/a193923fc2d6325ef4e741cf3af8c3e8f54dbf25",
                "reference": "a193923fc2d6325ef4e741cf3af8c3e8f54dbf25",
                "shasum": ""
            },
            "require": {
                "php": "^7.4|^8.0"
            },
            "conflict": {
                "phpstan/phpstan-shim": "*"
            },
            "bin": [
                "phpstan",
                "phpstan.phar"
            ],
            "type": "library",
            "autoload": {
                "files": [
                    "bootstrap.php"
                ]
            },
            "notification-url": "https://packagist.org/downloads/",
            "license": [
                "MIT"
            ],
            "description": "PHPStan - PHP Static Analysis Tool",
            "keywords": [
                "dev",
                "static analysis"
            ],
            "support": {
                "docs": "https://phpstan.org/user-guide/getting-started",
                "forum": "https://github.com/phpstan/phpstan/discussions",
                "issues": "https://github.com/phpstan/phpstan/issues",
                "security": "https://github.com/phpstan/phpstan/security/policy",
                "source": "https://github.com/phpstan/phpstan-src"
            },
            "funding": [
                {
                    "url": "https://github.com/ondrejmirtes",
                    "type": "github"
                },
                {
                    "url": "https://github.com/phpstan",
                    "type": "github"
                }
            ],
            "time": "2026-04-01T09:25:14+00:00"
        },
        {
            "name": "roave/better-reflection",
            "version": "6.69.0",
            "source": {
                "type": "git",
                "url": "https://github.com/Roave/BetterReflection.git",
                "reference": "dccbd10b5b3da8718f2945ad50faf90a1cb2db55"
            },
            "dist": {
                "type": "zip",
                "url": "https://api.github.com/repos/Roave/BetterReflection/zipball/dccbd10b5b3da8718f2945ad50faf90a1cb2db55",
                "reference": "dccbd10b5b3da8718f2945ad50faf90a1cb2db55",
                "shasum": ""
            },
            "require": {
                "ext-json": "*",
                "jetbrains/phpstorm-stubs": "2025.3",
                "nikic/php-parser": "^5.7.0",
                "php": "~8.3.2 || ~8.4.1 || ~8.5.0"
            },
            "conflict": {
                "thecodingmachine/safe": "<1.1.3"
            },
            "require-dev": {
                "phpbench/phpbench": "^1.4.3",
                "phpunit/phpunit": "^12.5.8"
            },
            "suggest": {
                "composer/composer": "Required to use the ComposerSourceLocator"
            },
            "type": "library",
            "autoload": {
                "psr-4": {
                    "Roave\\BetterReflection\\": "src"
                }
            },
            "notification-url": "https://packagist.org/downloads/",
            "license": [
                "MIT"
            ],
            "authors": [
                {
                    "name": "James Titcumb",
                    "email": "james@asgrim.com",
                    "homepage": "https://github.com/asgrim"
                },
                {
                    "name": "Marco Pivetta",
                    "email": "ocramius@gmail.com",
                    "homepage": "https://ocramius.github.io/"
                },
                {
                    "name": "Gary Hockin",
                    "email": "gary@roave.com",
                    "homepage": "https://github.com/geeh"
                },
                {
                    "name": "Jaroslav Hanslík",
                    "email": "kukulich@kukulich.cz",
                    "homepage": "https://github.com/kukulich"
                }
            ],
            "description": "Better Reflection - an improved code reflection API",
            "support": {
                "issues": "https://github.com/Roave/BetterReflection/issues",
                "source": "https://github.com/Roave/BetterReflection/tree/6.69.0"
            },
            "time": "2026-02-01T13:20:30+00:00"
        },
        {
            "name": "symfony/finder",
            "version": "v6.4.34",
            "source": {
                "type": "git",
                "url": "https://github.com/symfony/finder.git",
                "reference": "9590e86be1d1c57bfbb16d0dd040345378c20896"
            },
            "dist": {
                "type": "zip",
                "url": "https://api.github.com/repos/symfony/finder/zipball/9590e86be1d1c57bfbb16d0dd040345378c20896",
                "reference": "9590e86be1d1c57bfbb16d0dd040345378c20896",
                "shasum": ""
            },
            "require": {
                "php": ">=8.1"
            },
            "require-dev": {
                "symfony/filesystem": "^6.0|^7.0"
            },
            "type": "library",
            "autoload": {
                "psr-4": {
                    "Symfony\\Component\\Finder\\": ""
                },
                "exclude-from-classmap": [
                    "/Tests/"
                ]
            },
            "notification-url": "https://packagist.org/downloads/",
            "license": [
                "MIT"
            ],
            "authors": [
                {
                    "name": "Fabien Potencier",
                    "email": "fabien@symfony.com"
                },
                {
                    "name": "Symfony Community",
                    "homepage": "https://symfony.com/contributors"
                }
            ],
            "description": "Finds files and directories via an intuitive fluent interface",
            "homepage": "https://symfony.com",
            "support": {
                "source": "https://github.com/symfony/finder/tree/v6.4.34"
            },
            "funding": [
                {
                    "url": "https://symfony.com/sponsor",
                    "type": "custom"
                },
                {
                    "url": "https://github.com/fabpot",
                    "type": "github"
                },
                {
                    "url": "https://github.com/nicolas-grekas",
                    "type": "github"
                },
                {
                    "url": "https://tidelift.com/funding/github/packagist/symfony/symfony",
                    "type": "tidelift"
                }
            ],
            "time": "2026-01-28T15:16:37+00:00"
        }
    ],
    "aliases": [],
    "minimum-stability": "stable",
    "stability-flags": {},
    "prefer-stable": false,
    "prefer-lowest": false,
    "platform": {},
    "platform-dev": {},
    "plugin-api-version": "2.6.0"
}
